
Microsoft Visual Studio Solution File, Format Version 12.00
# Visual Studio 14
VisualStudioVersion = 14.0.23107.0
MinimumVisualStudioVersion = 10.0.40219.1
Project("{FAE04EC0-301F-11D3-BF4B-00C04F79EFBC}") = "WBUTResultScript", "WBUTResultScript\WBUTResultScript.csproj", "{87D601C7-7490-4B0F-8123-096A0A3DCFC5}"
EndProject
Global
	GlobalSection(SolutionConfigurationPlatforms) = preSolution
		Debug|Any CPU = Debug|Any CPU
		Release|Any CPU = Release|Any CPU
	EndGlobalSection
	GlobalSection(ProjectConfigurationPlatforms) = postSolution
		{87D601C7-7490-4B0F-8123-096A0A3DCFC5}.Debug|Any CPU.ActiveCfg = Debug|Any CPU
		{87D601C7-7490-4B0F-8123-096A0A3DCFC5}.Debug|Any CPU.Build.0 = Debug|Any CPU
		{87D601C7-7490-4B0F-8123-096A0A3DCFC5}.Release|Any CPU.ActiveCfg = Release|Any CPU
		{87D601C7-7490-4B0F-8123-096A0A3DCFC5}.Release|Any CPU.Build.0 = Release|Any CPU
	EndGlobalSection
	GlobalSection(SolutionProperties) = preSolution
		HideSolutionNode = FALSE
	EndGlobalSection
EndGlobal
